
Microsoft Visual Studio Solution File, Format Version 12.00
# Visual Studio Version 17
VisualStudioVersion = 17.14.36121.58
MinimumVisualStudioVersion = 10.0.40219.1
Project("{FAE04EC0-301F-11D3-BF4B-00C04F79EFBC}") = "NamestajSanin", "NamestajSanin.csproj", "{0A4FA260-2D18-DF80-B709-29E15D0F5373}"
EndProject
Global
	GlobalSection(SolutionConfigurationPlatforms) = preSolution
		Debug|Any CPU = Debug|Any CPU
		Release|Any CPU = Release|Any CPU
	EndGlobalSection
	GlobalSection(ProjectConfigurationPlatforms) = postSolution
		{0A4FA260-2D18-DF80-B709-29E15D0F5373}.Debug|Any CPU.ActiveCfg = Debug|Any CPU
		{0A4FA260-2D18-DF80-B709-29E15D0F5373}.Debug|Any CPU.Build.0 = Debug|Any CPU
		{0A4FA260-2D18-DF80-B709-29E15D0F5373}.Release|Any CPU.ActiveCfg = Release|Any CPU
		{0A4FA260-2D18-DF80-B709-29E15D0F5373}.Release|Any CPU.Build.0 = Release|Any CPU
	EndGlobalSection
	GlobalSection(SolutionProperties) = preSolution
		HideSolutionNode = FALSE
	EndGlobalSection
	GlobalSection(ExtensibilityGlobals) = postSolution
		SolutionGuid = {AFFB5886-D74C-417D-A7E0-1024B0CB319E}
	EndGlobalSection
EndGlobal
